
Microsoft Visual Studio Solution File, Format Version 12.00
# Visual Studio 15
VisualStudioVersion = 15.0.28307.329
MinimumVisualStudioVersion = 10.0.40219.1
Project("{888888A0-9F3D-457C-B088-3A5042F75D52}") = "serveriTCP", "serveriTCP\serveriTCP.pyproj", "{285674E1-0491-49F3-8F4E-150FAECB6EC0}"
EndProject
Global
	GlobalSection(SolutionConfigurationPlatforms) = preSolution
		Debug|Any CPU = Debug|Any CPU
		Release|Any CPU = Release|Any CPU
	EndGlobalSection
	GlobalSection(ProjectConfigurationPlatforms) = postSolution
		{285674E1-0491-49F3-8F4E-150FAECB6EC0}.Debug|Any CPU.ActiveCfg = Debug|Any CPU
		{285674E1-0491-49F3-8F4E-150FAECB6EC0}.Release|Any CPU.ActiveCfg = Release|Any CPU
	EndGlobalSection
	GlobalSection(SolutionProperties) = preSolution
		HideSolutionNode = FALSE
	EndGlobalSection
	GlobalSection(ExtensibilityGlobals) = postSolution
		SolutionGuid = {F206DDA8-B018-4865-8DC5-8AEEEFEA093F}
	EndGlobalSection
EndGlobal
